{
  "name": "new",
  "version": "1.0.0",
  "lockfileVersion": 1,
  "requires": true,
  "dependencies": {
    "@assister/chat": {
      "version": "0.0.1-alpha.5",
      "resolved": "https://registry.npmjs.org/@assister/chat/-/chat-0.0.1-alpha.5.tgz",
      "integrity": "sha512-kF9jYc+1cvwRVtdVp9AD+pA3Bu+9CXolMoGov01cNhLYv7n6A4MTHd5UpYhoMz+HA53YqiNh9PGR5crJfZxIjQ==",
      "requires": {
        "@ionic/core": "^4.9.1"
      }
    },
    "@assister/rasa": {
      "version": "0.0.1-alpha.1",
      "resolved": "https://registry.npmjs.org/@assister/rasa/-/rasa-0.0.1-alpha.1.tgz",
      "integrity": "sha512-/gqsy6TKqsnMjkd92XgI1JbNz8B0wNPsCROxgaHCn1PG1nTL9rMhvqF+kvBOGr/HWwjXOgVwdMUi0ICx3Bew5Q==",
      "requires": {
        "@assister/chat": "^0.0.1-alpha.5"
      }
    },
    "@ionic/core": {
      "version": "4.9.1",
      "resolved": "https://registry.npmjs.org/@ionic/core/-/core-4.9.1.tgz",
      "integrity": "sha512-m6wlO6/vP4xL3xd8ZGl9lNbmiiMs6I7d33Y13pS65f5EOUC7Fc0+qEEEWtQZc4EGQdB/pmIHlgd8o7MZvV/SXA==",
      "requires": {
        "ionicons": "^4.6.3",
        "tslib": "^1.10.0"
      }
    },
    "cors": {
      "version": "2.8.5",
      "resolved": "https://registry.npmjs.org/cors/-/cors-2.8.5.tgz",
      "integrity": "sha512-KIHbLJqu73RGr/hnbrO9uBeixNGuvSQjul/jdFvS/KFSIH1hWVd1ng7zOHx+YrEfInLG7q4n6GHQ9cDtxv/P6g==",
      "requires": {
        "object-assign": "^4",
        "vary": "^1"
      }
    },
    "ionicons": {
      "version": "4.6.3",
      "resolved": "https://registry.npmjs.org/ionicons/-/ionicons-4.6.3.tgz",
      "integrity": "sha512-cgP+VIr2cTJpMfFyVHTerq6n2jeoiGboVoe3GlaAo5zoSBDAEXORwUZhv6m+lCyxlsHCS3nqPUE+MKyZU71t8Q=="
    },
    "object-assign": {
      "version": "4.1.1",
      "resolved": "https://registry.npmjs.org/object-assign/-/object-assign-4.1.1.tgz",
      "integrity": "sha1-IQmtx5ZYh8/AXLvUQsrIv7s2CGM="
    },
    "tslib": {
      "version": "1.10.0",
      "resolved": "https://registry.npmjs.org/tslib/-/tslib-1.10.0.tgz",
      "integrity": "sha512-qOebF53frne81cf0S9B41ByenJ3/IuH8yJKngAX35CmiZySA0khhkovshKK+jGCaMnVomla7gVlIcc3EvKPbTQ=="
    },
    "vary": {
      "version": "1.1.2",
      "resolved": "https://registry.npmjs.org/vary/-/vary-1.1.2.tgz",
      "integrity": "sha1-IpnwLG3tMNSllhsLn3RSShj2NPw="
    }
  }
}
